
Microsoft Visual Studio Solution File, Format Version 12.00
# Visual Studio Version 17
VisualStudioVersion = 17.7.34024.191
MinimumVisualStudioVersion = 10.0.40219.1
Project("{FAE04EC0-301F-11D3-BF4B-00C04F79EFBC}") = "Razenager", "Razenager\Razenager.csproj", "{B120FD64-20B0-45E7-B0DE-83F52D165F9B}"
EndProject
Global
	GlobalSection(SolutionConfigurationPlatforms) = preSolution
		Debug|Any CPU = Debug|Any CPU
		Release|Any CPU = Release|Any CPU
	EndGlobalSection
	GlobalSection(ProjectConfigurationPlatforms) = postSolution
		{B120FD64-20B0-45E7-B0DE-83F52D165F9B}.Debug|Any CPU.ActiveCfg = Debug|Any CPU
		{B120FD64-20B0-45E7-B0DE-83F52D165F9B}.Debug|Any CPU.Build.0 = Debug|Any CPU
		{B120FD64-20B0-45E7-B0DE-83F52D165F9B}.Release|Any CPU.ActiveCfg = Release|Any CPU
		{B120FD64-20B0-45E7-B0DE-83F52D165F9B}.Release|Any CPU.Build.0 = Release|Any CPU
	EndGlobalSection
	GlobalSection(SolutionProperties) = preSolution
		HideSolutionNode = FALSE
	EndGlobalSection
	GlobalSection(ExtensibilityGlobals) = postSolution
		SolutionGuid = {952286EF-63A1-4438-819D-830F862A7A4A}
	EndGlobalSection
EndGlobal
